
Microsoft Visual Studio Solution File, Format Version 12.00
# Visual Studio Version 17
VisualStudioVersion = 17.13.35825.156
MinimumVisualStudioVersion = 10.0.40219.1
Project("{FAE04EC0-301F-11D3-BF4B-00C04F79EFBC}") = "Nhom3DoAn-HeThongQuanLyCuaHangTapHoa", "Nhom3DoAn-HeThongQuanLyCuaHangTapHoa\Nhom3DoAn-HeThongQuanLyCuaHangTapHoa.csproj", "{280D85F4-32E1-437C-989D-D7CA9040E7B3}"
EndProject
Global
	GlobalSection(SolutionConfigurationPlatforms) = preSolution
		Debug|Any CPU = Debug|Any CPU
		Release|Any CPU = Release|Any CPU
	EndGlobalSection
	GlobalSection(ProjectConfigurationPlatforms) = postSolution
		{280D85F4-32E1-437C-989D-D7CA9040E7B3}.Debug|Any CPU.ActiveCfg = Debug|Any CPU
		{280D85F4-32E1-437C-989D-D7CA9040E7B3}.Debug|Any CPU.Build.0 = Debug|Any CPU
		{280D85F4-32E1-437C-989D-D7CA9040E7B3}.Release|Any CPU.ActiveCfg = Release|Any CPU
		{280D85F4-32E1-437C-989D-D7CA9040E7B3}.Release|Any CPU.Build.0 = Release|Any CPU
	EndGlobalSection
	GlobalSection(SolutionProperties) = preSolution
		HideSolutionNode = FALSE
	EndGlobalSection
	GlobalSection(ExtensibilityGlobals) = postSolution
		SolutionGuid = {4CC5B53A-1E51-4EE6-818B-6561DF7321E9}
	EndGlobalSection
EndGlobal
